
Microsoft Visual Studio Solution File, Format Version 12.00
# Visual Studio Version 16
VisualStudioVersion = 16.0.32228.343
MinimumVisualStudioVersion = 10.0.40219.1
Project("{9A19103F-16F7-4668-BE54-9A1E7A4F7556}") = "CourseWorkOfProgrammingTechnology", "CourseWorkOfProgrammingTechnology\CourseWorkOfProgrammingTechnology.csproj", "{080AD31E-8A6F-45D1-BC9D-B546F37E69F6}"
EndProject
Global
	GlobalSection(SolutionConfigurationPlatforms) = preSolution
		Debug|Any CPU = Debug|Any CPU
		Debug|x64 = Debug|x64
		Release|Any CPU = Release|Any CPU
		Release|x64 = Release|x64
		Test|Any CPU = Test|Any CPU
		Test|x64 = Test|x64
	EndGlobalSection
	GlobalSection(ProjectConfigurationPlatforms) = postSolution
		{080AD31E-8A6F-45D1-BC9D-B546F37E69F6}.Debug|Any CPU.ActiveCfg = Debug|Any CPU
		{080AD31E-8A6F-45D1-BC9D-B546F37E69F6}.Debug|Any CPU.Build.0 = Debug|Any CPU
		{080AD31E-8A6F-45D1-BC9D-B546F37E69F6}.Debug|x64.ActiveCfg = Debug|Any CPU
		{080AD31E-8A6F-45D1-BC9D-B546F37E69F6}.Debug|x64.Build.0 = Debug|Any CPU
		{080AD31E-8A6F-45D1-BC9D-B546F37E69F6}.Release|Any CPU.ActiveCfg = Release|Any CPU
		{080AD31E-8A6F-45D1-BC9D-B546F37E69F6}.Release|Any CPU.Build.0 = Release|Any CPU
		{080AD31E-8A6F-45D1-BC9D-B546F37E69F6}.Release|x64.ActiveCfg = Release|Any CPU
		{080AD31E-8A6F-45D1-BC9D-B546F37E69F6}.Release|x64.Build.0 = Release|Any CPU
		{080AD31E-8A6F-45D1-BC9D-B546F37E69F6}.Test|Any CPU.ActiveCfg = Test|Any CPU
		{080AD31E-8A6F-45D1-BC9D-B546F37E69F6}.Test|Any CPU.Build.0 = Test|Any CPU
		{080AD31E-8A6F-45D1-BC9D-B546F37E69F6}.Test|x64.ActiveCfg = Test|Any CPU
		{080AD31E-8A6F-45D1-BC9D-B546F37E69F6}.Test|x64.Build.0 = Test|Any CPU
	EndGlobalSection
	GlobalSection(SolutionProperties) = preSolution
		HideSolutionNode = FALSE
	EndGlobalSection
	GlobalSection(ExtensibilityGlobals) = postSolution
		SolutionGuid = {C02B8CD0-FE65-4504-903A-2F4E48766B2E}
	EndGlobalSection
EndGlobal
